// !$*UTF8*$!
{
	archiveVersion = 1;
	classes = {
	};
	objectVersion = 50;
	objects = {

/* Begin PBXBuildFile section */
		720B992221FEEBA8008A1A6D /* AppDelegate.swift in Sources */ = {isa = PBXBuildFile; fileRef = 720B992121FEEBA8008A1A6D /* AppDelegate.swift */; };
		720B992421FEEBA8008A1A6D /* ViewController.swift in Sources */ = {isa = PBXBuildFile; fileRef = 720B992321FEEBA8008A1A6D /* ViewController.swift */; };
		720B992721FEEBA8008A1A6D /* Main.storyboard in Resources */ = {isa = PBXBuildFile; fileRef = 720B992521FEEBA8008A1A6D /* Main.storyboard */; };
		720B992921FEEBB6008A1A6D /* Assets.xcassets in Resources */ = {isa = PBXBuildFile; fileRef = 720B992821FEEBB6008A1A6D /* Assets.xcassets */; };
		720B992C21FEEBB6008A1A6D /* LaunchScreen.storyboard in Resources */ = {isa = PBXBuildFile; fileRef = 720B992A21FEEBB6008A1A6D /* LaunchScreen.storyboard */; };
		720B993721FEEBB7008A1A6D /* TipCalcTests.swift in Sources */ = {isa = PBXBuildFile; fileRef = 720B993621FEEBB7008A1A6D /* TipCalcTests.swift */; };
		720B994221FEEBB7008A1A6D /* TipCalcUITests.swift in Sources */ = {isa = PBXBuildFile; fileRef = 720B994121FEEBB7008A1A6D /* TipCalcUITests.swift */; };
/* End PBXBuildFile section */

/* Begin PBXContainerItemProxy section */
		720B993321FEEBB7008A1A6D /* PBXContainerItemProxy */ = {
			isa = PBXContainerItemProxy;
			containerPortal = 720B991621FEEBA8008A1A6D /* Project object */;
			proxyType = 1;
			remoteGlobalIDString = 720B991D21FEEBA8008A1A6D;
			remoteInfo = TipCalc;
		};
		720B993E21FEEBB7008A1A6D /* PBXContainerItemProxy */ = {
			isa = PBXContainerItemProxy;
			containerPortal = 720B991621FEEBA8008A1A6D /* Project object */;
			proxyType = 1;
			remoteGlobalIDString = 720B991D21FEEBA8008A1A6D;
			remoteInfo = TipCalc;
		};
/* End PBXContainerItemProxy section */

/* Begin PBXFileReference section */
		720B991E21FEEBA8008A1A6D /* TipCalc.app */ = {isa = PBXFileReference; explicitFileType = wrapper.application; includeInIndex = 0; path = TipCalc.app; sourceTree = BUILT_PRODUCTS_DIR; };
		720B992121FEEBA8008A1A6D /* AppDelegate.swift */ = {isa = PBXFileReference; lastKnownFileType = sourcecode.swift; path = AppDelegate.swift; sourceTree = "<group>"; };
		720B992321FEEBA8008A1A6D /* ViewController.swift */ = {isa = PBXFileReference; lastKnownFileType = sourcecode.swift; path = ViewController.swift; sourceTree = "<group>"; };
		720B992621FEEBA8008A1A6D /* Base */ = {isa = PBXFileReference; lastKnownFileType = file.storyboard; name = Base; path = Base.lproj/Main.storyboard; sourceTree = "<group>"; };
		720B992821FEEBB6008A1A6D /* Assets.xcassets */ = {isa = PBXFileReference; lastKnownFileType = folder.assetcatalog; path = Assets.xcassets; sourceTree = "<group>"; };
		720B992B21FEEBB6008A1A6D /* Base */ = {isa = PBXFileReference; lastKnownFileType = file.storyboard; name = Base; path = Base.lproj/LaunchScreen.storyboard; sourceTree = "<group>"; };
		720B992D21FEEBB6008A1A6D /* Info.plist */ = {isa = PBXFileReference; lastKnownFileType = text.plist.xml; path = Info.plist; sourceTree = "<group>"; };
		720B993221FEEBB7008A1A6D /* TipCalcTests.xctest */ = {isa = PBXFileReference; explicitFileType = wrapper.cfbundle; includeInIndex = 0; path = TipCalcTests.xctest; sourceTree = BUILT_PRODUCTS_DIR; };
		720B993621FEEBB7008A1A6D /* TipCalcTests.swift */ = {isa = PBXFileReference; lastKnownFileType = sourcecode.swift; path = TipCalcTests.swift; sourceTree = "<group>"; };
		720B993821FEEBB7008A1A6D /* Info.plist */ = {isa = PBXFileReference; lastKnownFileType = text.plist.xml; path = Info.plist; sourceTree = "<group>"; };
		720B993D21FEEBB7008A1A6D /* TipCalcUITests.xctest */ = {isa = PBXFileReference; explicitFileType = wrapper.cfbundle; includeInIndex = 0; path = TipCalcUITests.xctest; sourceTree = BUILT_PRODUCTS_DIR; };
		720B994121FEEBB7008A1A6D /* TipCalcUITests.swift */ = {isa = PBXFileReference; lastKnownFileType = sourcecode.swift; path = TipCalcUITests.swift; sourceTree = "<group>"; };
		720B994321FEEBB7008A1A6D /* Info.plist */ = {isa = PBXFileReference; lastKnownFileType = text.plist.xml; path = Info.plist; sourceTree = "<group>"; };
/* End PBXFileReference section */

/* Begin PBXFrameworksBuildPhase section */
		720B991B21FEEBA8008A1A6D /* Frameworks */ = {
			isa = PBXFrameworksBuildPhase;
			buildActionMask = 2147483647;
			files = (
			);
			runOnlyForDeploymentPostprocessing = 0;
		};
		720B992F21FEEBB7008A1A6D /* Frameworks */ = {
			isa = PBXFrameworksBuildPhase;
			buildActionMask = 2147483647;
			files = (
			);
			runOnlyForDeploymentPostprocessing = 0;
		};
		720B993A21FEEBB7008A1A6D /* Frameworks */ = {
			isa = PBXFrameworksBuildPhase;
			buildActionMask = 2147483647;
			files = (
			);
			runOnlyForDeploymentPostprocessing = 0;
		};
/* End PBXFrameworksBuildPhase section */

/* Begin PBXGroup section */
		720B991521FEEBA8008A1A6D = {
			isa = PBXGroup;
			children = (
				720B992021FEEBA8008A1A6D /* TipCalc */,
				720B993521FEEBB7008A1A6D /* TipCalcTests */,
				720B994021FEEBB7008A1A6D /* TipCalcUITests */,
				720B991F21FEEBA8008A1A6D /* Products */,
			);
			sourceTree = "<group>";
		};
		720B991F21FEEBA8008A1A6D /* Products */ = {
			isa = PBXGroup;
			children = (
				720B991E21FEEBA8008A1A6D /* TipCalc.app */,
				720B993221FEEBB7008A1A6D /* TipCalcTests.xctest */,
				720B993D21FEEBB7008A1A6D /* TipCalcUITests.xctest */,
			);
			name = Products;
			sourceTree = "<group>";
		};
		720B992021FEEBA8008A1A6D /* TipCalc */ = {
			isa = PBXGroup;
			children = (
				720B992121FEEBA8008A1A6D /* AppDelegate.swift */,
				720B992321FEEBA8008A1A6D /* ViewController.swift */,
				720B992521FEEBA8008A1A6D /* Main.storyboard */,
				720B992821FEEBB6008A1A6D /* Assets.xcassets */,
				720B992A21FEEBB6008A1A6D /* LaunchScreen.storyboard */,
				720B992D21FEEBB6008A1A6D /* Info.plist */,
			);
			path = TipCalc;
			sourceTree = "<group>";
		};
		720B993521FEEBB7008A1A6D /* TipCalcTests */ = {
			isa = PBXGroup;
			children = (
				720B993621FEEBB7008A1A6D /* TipCalcTests.swift */,
				720B993821FEEBB7008A1A6D /* Info.plist */,
			);
			path = TipCalcTests;
			sourceTree = "<group>";
		};
		720B994021FEEBB7008A1A6D /* TipCalcUITests */ = {
			isa = PBXGroup;
			children = (
				720B994121FEEBB7008A1A6D /* TipCalcUITests.swift */,
				720B994321FEEBB7008A1A6D /* Info.plist */,
			);
			path = TipCalcUITests;
			sourceTree = "<group>";
		};
/* End PBXGroup section */

/* Begin PBXNativeTarget section */
		720B991D21FEEBA8008A1A6D /* TipCalc */ = {
			isa = PBXNativeTarget;
			buildConfigurationList = 720B994621FEEBB7008A1A6D /* Build configuration list for PBXNativeTarget "TipCalc" */;
			buildPhases = (
				720B991A21FEEBA8008A1A6D /* Sources */,
				720B991B21FEEBA8008A1A6D /* Frameworks */,
				720B991C21FEEBA8008A1A6D /* Resources */,
			);
			buildRules = (
			);
			dependencies = (
			);
			name = TipCalc;
			productName = TipCalc;
			productReference = 720B991E21FEEBA8008A1A6D /* TipCalc.app */;
			productType = "com.apple.product-type.application";
		};
		720B993121FEEBB7008A1A6D /* TipCalcTests */ = {
			isa = PBXNativeTarget;
			buildConfigurationList = 720B994921FEEBB7008A1A6D /* Build configuration list for PBXNativeTarget "TipCalcTests" */;
			buildPhases = (
				720B992E21FEEBB7008A1A6D /* Sources */,
				720B992F21FEEBB7008A1A6D /* Frameworks */,
				720B993021FEEBB7008A1A6D /* Resources */,
			);
			buildRules = (
			);
			dependencies = (
				720B993421FEEBB7008A1A6D /* PBXTargetDependency */,
			);
			name = TipCalcTests;
			productName = TipCalcTests;
			productReference = 720B993221FEEBB7008A1A6D /* TipCalcTests.xctest */;
			productType = "com.apple.product-type.bundle.unit-test";
		};
		720B993C21FEEBB7008A1A6D /* TipCalcUITests */ = {
			isa = PBXNativeTarget;
			buildConfigurationList = 720B994C21FEEBB7008A1A6D /* Build configuration list for PBXNativeTarget "TipCalcUITests" */;
			buildPhases = (
				720B993921FEEBB7008A1A6D /* Sources */,
				720B993A21FEEBB7008A1A6D /* Frameworks */,
				720B993B21FEEBB7008A1A6D /* Resources */,
			);
			buildRules = (
			);
			dependencies = (
				720B993F21FEEBB7008A1A6D /* PBXTargetDependency */,
			);
			name = TipCalcUITests;
			productName = TipCalcUITests;
			productReference = 720B993D21FEEBB7008A1A6D /* TipCalcUITests.xctest */;
			productType = "com.apple.product-type.bundle.ui-testing";
		};
/* End PBXNativeTarget section */

/* Begin PBXProject section */
		720B991621FEEBA8008A1A6D /* Project object */ = {
			isa = PBXProject;
			attributes = {
				LastSwiftUpdateCheck = 1010;
				LastUpgradeCheck = 1010;
				ORGANIZATIONNAME = MamadouABalde;
				TargetAttributes = {
					720B991D21FEEBA8008A1A6D = {
						CreatedOnToolsVersion = 10.1;
					};
					720B993121FEEBB7008A1A6D = {
						CreatedOnToolsVersion = 10.1;
						TestTargetID = 720B991D21FEEBA8008A1A6D;
					};
					720B993C21FEEBB7008A1A6D = {
						CreatedOnToolsVersion = 10.1;
						TestTargetID = 720B991D21FEEBA8008A1A6D;
					};
				};
			};
			buildConfigurationList = 720B991921FEEBA8008A1A6D /* Build configuration list for PBXProject "TipCalc" */;
			compatibilityVersion = "Xcode 9.3";
			developmentRegion = en;
			hasScannedForEncodings = 0;
			knownRegions = (
				en,
				Base,
			);
			mainGroup = 720B991521FEEBA8008A1A6D;
			productRefGroup = 720B991F21FEEBA8008A1A6D /* Products */;
			projectDirPath = "";
			projectRoot = "";
			targets = (
				720B991D21FEEBA8008A1A6D /* TipCalc */,
				720B993121FEEBB7008A1A6D /* TipCalcTests */,
				720B993C21FEEBB7008A1A6D /* TipCalcUITests */,
			);
		};
/* End PBXProject section */

/* Begin PBXResourcesBuildPhase section */
		720B991C21FEEBA8008A1A6D /* Resources */ = {
			isa = PBXResourcesBuildPhase;
			buildActionMask = 2147483647;
			files = (
				720B992C21FEEBB6008A1A6D /* LaunchScreen.storyboard in Resources */,
				720B992921FEEBB6008A1A6D /* Assets.xcassets in Resources */,
				720B992721FEEBA8008A1A6D /* Main.storyboard in Resources */,
			);
			runOnlyForDeploymentPostprocessing = 0;
		};
		720B993021FEEBB7008A1A6D /* Resources */ = {
			isa = PBXResourcesBuildPhase;
			buildActionMask = 2147483647;
			files = (
			);
			runOnlyForDeploymentPostprocessing = 0;
		};
		720B993B21FEEBB7008A1A6D /* Resources */ = {
			isa = PBXResourcesBuildPhase;
			buildActionMask = 2147483647;
			files = (
			);
			runOnlyForDeploymentPostprocessing = 0;
		};
/* End PBXResourcesBuildPhase section */

/* Begin PBXSourcesBuildPhase section */
		720B991A21FEEBA8008A1A6D /* Sources */ = {
			isa = PBXSourcesBuildPhase;
			buildActionMask = 2147483647;
			files = (
				720B992421FEEBA8008A1A6D /* ViewController.swift in Sources */,
				720B992221FEEBA8008A1A6D /* AppDelegate.swift in Sources */,
			);
			runOnlyForDeploymentPostprocessing = 0;
		};
		720B992E21FEEBB7008A1A6D /* Sources */ = {
			isa = PBXSourcesBuildPhase;
			buildActionMask = 2147483647;
			files = (
				720B993721FEEBB7008A1A6D /* TipCalcTests.swift in Sources */,
			);
			runOnlyForDeploymentPostprocessing = 0;
		};
		720B993921FEEBB7008A1A6D /* Sources */ = {
			isa = PBXSourcesBuildPhase;
			buildActionMask = 2147483647;
			files = (
				720B994221FEEBB7008A1A6D /* TipCalcUITests.swift in Sources */,
			);
			runOnlyForDeploymentPostprocessing = 0;
		};
/* End PBXSourcesBuildPhase section */

/* Begin PBXTargetDependency section */
		720B993421FEEBB7008A1A6D /* PBXTargetDependency */ = {
			isa = PBXTargetDependency;
			target = 720B991D21FEEBA8008A1A6D /* TipCalc */;
			targetProxy = 720B993321FEEBB7008A1A6D /* PBXContainerItemProxy */;
		};
		720B993F21FEEBB7008A1A6D /* PBXTargetDependency */ = {
			isa = PBXTargetDependency;
			target = 720B991D21FEEBA8008A1A6D /* TipCalc */;
			targetProxy = 720B993E21FEEBB7008A1A6D /* PBXContainerItemProxy */;
		};
/* End PBXTargetDependency section */

/* Begin PBXVariantGroup section */
		720B992521FEEBA8008A1A6D /* Main.storyboard */ = {
			isa = PBXVariantGroup;
			children = (
				720B992621FEEBA8008A1A6D /* Base */,
			);
			name = Main.storyboard;
			sourceTree = "<group>";
		};
		720B992A21FEEBB6008A1A6D /* LaunchScreen.storyboard */ = {
			isa = PBXVariantGroup;
			children = (
				720B992B21FEEBB6008A1A6D /* Base */,
			);
			name = LaunchScreen.storyboard;
			sourceTree = "<group>";
		};
/* End PBXVariantGroup section */

/* Begin XCBuildConfiguration section */
		720B994421FEEBB7008A1A6D /* Debug */ = {
			isa = XCBuildConfiguration;
			buildSettings = {
				ALWAYS_SEARCH_USER_PATHS = NO;
				CLANG_ANALYZER_NONNULL = YES;
				CLANG_ANALYZER_NUMBER_OBJECT_CONVERSION = YES_AGGRESSIVE;
				CLANG_CXX_LANGUAGE_STANDARD = "gnu++14";
				CLANG_CXX_LIBRARY = "libc++";
				CLANG_ENABLE_MODULES = YES;
				CLANG_ENABLE_OBJC_ARC = YES;
				CLANG_ENABLE_OBJC_WEAK = YES;
				CLANG_WARN_BLOCK_CAPTURE_AUTORELEASING = YES;
				CLANG_WARN_BOOL_CONVERSION = YES;
				CLANG_WARN_COMMA = YES;
				CLANG_WARN_CONSTANT_CONVERSION = YES;
				CLANG_WARN_DEPRECATED_OBJC_IMPLEMENTATIONS = YES;
				CLANG_WARN_DIRECT_OBJC_ISA_USAGE = YES_ERROR;
				CLANG_WARN_DOCUMENTATION_COMMENTS = YES;
				CLANG_WARN_EMPTY_BODY = YES;
				CLANG_WARN_ENUM_CONVERSION = YES;
				CLANG_WARN_INFINITE_RECURSION = YES;
				CLANG_WARN_INT_CONVERSION = YES;
				CLANG_WARN_NON_LITERAL_NULL_CONVERSION = YES;
				CLANG_WARN_OBJC_IMPLICIT_RETAIN_SELF = YES;
				CLANG_WARN_OBJC_LITERAL_CONVERSION = YES;
				CLANG_WARN_OBJC_ROOT_CLASS = YES_ERROR;
				CLANG_WARN_RANGE_LOOP_ANALYSIS = YES;
				CLANG_WARN_STRICT_PROTOTYPES = YES;
				CLANG_WARN_SUSPICIOUS_MOVE = YES;
				CLANG_WARN_UNGUARDED_AVAILABILITY = YES_AGGRESSIVE;
				CLANG_WARN_UNREACHABLE_CODE = YES;
				CLANG_WARN__DUPLICATE_METHOD_MATCH = YES;
				CODE_SIGN_IDENTITY = "iPhone Developer";
				COPY_PHASE_STRIP = NO;
				DEBUG_INFORMATION_FORMAT = dwarf;
				ENABLE_STRICT_OBJC_MSGSEND = YES;
				ENABLE_TESTABILITY = YES;
				GCC_C_LANGUAGE_STANDARD = gnu11;
				GCC_DYNAMIC_NO_PIC = NO;
				GCC_NO_COMMON_BLOCKS = YES;
				GCC_OPTIMIZATION_LEVEL = 0;
				GCC_PREPROCESSOR_DEFINITIONS = (
					"DEBUG=1",
					"$(inherited)",
				);
				GCC_WARN_64_TO_32_BIT_CONVERSION = YES;
				GCC_WARN_ABOUT_RETURN_TYPE = YES_ERROR;
				GCC_WARN_UNDECLARED_SELECTOR = YES;
				GCC_WARN_UNINITIALIZED_AUTOS = YES_AGGRESSIVE;
				GCC_WARN_UNUSED_FUNCTION = YES;
				GCC_WARN_UNUSED_VARIABLE = YES;
				IPHONEOS_DEPLOYMENT_TARGET = 12.1;
				MTL_ENABLE_DEBUG_INFO = INCLUDE_SOURCE;
				MTL_FAST_MATH = YES;
				ONLY_ACTIVE_ARCH = YES;
				SDKROOT = iphoneos;
				SWIFT_ACTIVE_COMPILATION_CONDITIONS = DEBUG;
				SWIFT_OPTIMIZATION_LEVEL = "-Onone";
			};
			name = Debug;
		};
		720B994521FEEBB7008A1A6D /* Release */ = {
			isa = XCBuildConfiguration;
			buildSettings = {
				ALWAYS_SEARCH_USER_PATHS = NO;
				CLANG_ANALYZER_NONNULL = YES;
				CLANG_ANALYZER_NUMBER_OBJECT_CONVERSION = YES_AGGRESSIVE;
				CLANG_CXX_LANGUAGE_STANDARD = "gnu++14";
				CLANG_CXX_LIBRARY = "libc++";
				CLANG_ENABLE_MODULES = YES;
				CLANG_ENABLE_OBJC_ARC = YES;
				CLANG_ENABLE_OBJC_WEAK = YES;
				CLANG_WARN_BLOCK_CAPTURE_AUTORELEASING = YES;
				CLANG_WARN_BOOL_CONVERSION = YES;
				CLANG_WARN_COMMA = YES;
				CLANG_WARN_CONSTANT_CONVERSION = YES;
				CLANG_WARN_DEPRECATED_OBJC_IMPLEMENTATIONS = YES;
				CLANG_WARN_DIRECT_OBJC_ISA_USAGE = YES_ERROR;
				CLANG_WARN_DOCUMENTATION_COMMENTS = YES;
				CLANG_WARN_EMPTY_BODY = YES;
				CLANG_WARN_ENUM_CONVERSION = YES;
				CLANG_WARN_INFINITE_RECURSION = YES;
				CLANG_WARN_INT_CONVERSION = YES;
				CLANG_WARN_NON_LITERAL_NULL_CONVERSION = YES;
				CLANG_WARN_OBJC_IMPLICIT_RETAIN_SELF = YES;
				CLANG_WARN_OBJC_LITERAL_CONVERSION = YES;
				CLANG_WARN_OBJC_ROOT_CLASS = YES_ERROR;
				CLANG_WARN_RANGE_LOOP_ANALYSIS = YES;
				CLANG_WARN_STRICT_PROTOTYPES = YES;
				CLANG_WARN_SUSPICIOUS_MOVE = YES;
				CLANG_WARN_UNGUARDED_AVAILABILITY = YES_AGGRESSIVE;
				CLANG_WARN_UNREACHABLE_CODE = YES;
				CLANG_WARN__DUPLICATE_METHOD_MATCH = YES;
				CODE_SIGN_IDENTITY = "iPhone Developer";
				COPY_PHASE_STRIP = NO;
				DEBUG_INFORMATION_FORMAT = "dwarf-with-dsym";
				ENABLE_NS_ASSERTIONS = NO;
				ENABLE_STRICT_OBJC_MSGSEND = YES;
				GCC_C_LANGUAGE_STANDARD = gnu11;
				GCC_NO_COMMON_BLOCKS = YES;
				GCC_WARN_64_TO_32_BIT_CONVERSION = YES;
				GCC_WARN_ABOUT_RETURN_TYPE = YES_ERROR;
				GCC_WARN_UNDECLARED_SELECTOR = YES;
				GCC_WARN_UNINITIALIZED_AUTOS = YES_AGGRESSIVE;
				GCC_WARN_UNUSED_FUNCTION = YES;
				GCC_WARN_UNUSED_VARIABLE = YES;
				IPHONEOS_DEPLOYMENT_TARGET = 12.1;
				MTL_ENABLE_DEBUG_INFO = NO;
				MTL_FAST_MATH = YES;
				SDKROOT = iphoneos;
				SWIFT_COMPILATION_MODE = wholemodule;
				SWIFT_OPTIMIZATION_LEVEL = "-O";
				VALIDATE_PRODUCT = YES;
			};
			name = Release;
		};
		720B994721FEEBB7008A1A6D /* Debug */ = {
			isa = XCBuildConfiguration;
			buildSettings = {
				ASSETCATALOG_COMPILER_APPICON_NAME = AppIcon;
				CODE_SIGN_STYLE = Automatic;
				INFOPLIST_FILE = TipCalc/Info.plist;
				LD_RUNPATH_SEARCH_PATHS = (
					"$(inherited)",
					"@executable_path/Frameworks",
				);
				PRODUCT_BUNDLE_IDENTIFIER = "Exo-1.TipCalc";
				PRODUCT_NAME = "$(TARGET_NAME)";
				SWIFT_VERSION = 4.2;
				TARGETED_DEVICE_FAMILY = "1,2";
			};
			name = Debug;
		};
		720B994821FEEBB7008A1A6D /* Release */ = {
			isa = XCBuildConfiguration;
			buildSettings = {
				ASSETCATALOG_COMPILER_APPICON_NAME = AppIcon;
				CODE_SIGN_STYLE = Automatic;
				INFOPLIST_FILE = TipCalc/Info.plist;
				LD_RUNPATH_SEARCH_PATHS = (
					"$(inherited)",
					"@executable_path/Frameworks",
				);
				PRODUCT_BUNDLE_IDENTIFIER = "Exo-1.TipCalc";
				PRODUCT_NAME = "$(TARGET_NAME)";
				SWIFT_VERSION = 4.2;
				TARGETED_DEVICE_FAMILY = "1,2";
			};
			name = Release;
		};
		720B994A21FEEBB7008A1A6D /* Debug */ = {
			isa = XCBuildConfiguration;
			buildSettings = {
				ALWAYS_EMBED_SWIFT_STANDARD_LIBRARIES = YES;
				BUNDLE_LOADER = "$(TEST_HOST)";
				CODE_SIGN_STYLE = Automatic;
				INFOPLIST_FILE = TipCalcTests/Info.plist;
				LD_RUNPATH_SEARCH_PATHS = (
					"$(inherited)",
					"@executable_path/Frameworks",
					"@loader_path/Frameworks",
				);
				PRODUCT_BUNDLE_IDENTIFIER = "Exo-1.TipCalcTests";
				PRODUCT_NAME = "$(TARGET_NAME)";
				SWIFT_VERSION = 4.2;
				TARGETED_DEVICE_FAMILY = "1,2";
				TEST_HOST = "$(BUILT_PRODUCTS_DIR)/TipCalc.app/TipCalc";
			};
			name = Debug;
		};
		720B994B21FEEBB7008A1A6D /* Release */ = {
			isa = XCBuildConfiguration;
			buildSettings = {
				ALWAYS_EMBED_SWIFT_STANDARD_LIBRARIES = YES;
				BUNDLE_LOADER = "$(TEST_HOST)";
				CODE_SIGN_STYLE = Automatic;
				INFOPLIST_FILE = TipCalcTests/Info.plist;
				LD_RUNPATH_SEARCH_PATHS = (
					"$(inherited)",
					"@executable_path/Frameworks",
					"@loader_path/Frameworks",
				);
				PRODUCT_BUNDLE_IDENTIFIER = "Exo-1.TipCalcTests";
				PRODUCT_NAME = "$(TARGET_NAME)";
				SWIFT_VERSION = 4.2;
				TARGETED_DEVICE_FAMILY = "1,2";
				TEST_HOST = "$(BUILT_PRODUCTS_DIR)/TipCalc.app/TipCalc";
			};
			name = Release;
		};
		720B994D21FEEBB7008A1A6D /* Debug */ = {
			isa = XCBuildConfiguration;
			buildSettings = {
				ALWAYS_EMBED_SWIFT_STANDARD_LIBRARIES = YES;
				CODE_SIGN_STYLE = Automatic;
				INFOPLIST_FILE = TipCalcUITests/Info.plist;
				LD_RUNPATH_SEARCH_PATHS = (
					"$(inherited)",
					"@executable_path/Frameworks",
					"@loader_path/Frameworks",
				);
				PRODUCT_BUNDLE_IDENTIFIER = "Exo-1.TipCalcUITests";
				PRODUCT_NAME = "$(TARGET_NAME)";
				SWIFT_VERSION = 4.2;
				TARGETED_DEVICE_FAMILY = "1,2";
				TEST_TARGET_NAME = TipCalc;
			};
			name = Debug;
		};
		720B994E21FEEBB7008A1A6D /* Release */ = {
			isa = XCBuildConfiguration;
			buildSettings = {
				ALWAYS_EMBED_SWIFT_STANDARD_LIBRARIES = YES;
				CODE_SIGN_STYLE = Automatic;
				INFOPLIST_FILE = TipCalcUITests/Info.plist;
				LD_RUNPATH_SEARCH_PATHS = (
					"$(inherited)",
					"@executable_path/Frameworks",
					"@loader_path/Frameworks",
				);
				PRODUCT_BUNDLE_IDENTIFIER = "Exo-1.TipCalcUITests";
				PRODUCT_NAME = "$(TARGET_NAME)";
				SWIFT_VERSION = 4.2;
				TARGETED_DEVICE_FAMILY = "1,2";
				TEST_TARGET_NAME = TipCalc;
			};
			name = Release;
		};
/* End XCBuildConfiguration section */

/* Begin XCConfigurationList section */
		720B991921FEEBA8008A1A6D /* Build configuration list for PBXProject "TipCalc" */ = {
			isa = XCConfigurationList;
			buildConfigurations = (
				720B994421FEEBB7008A1A6D /* Debug */,
				720B994521FEEBB7008A1A6D /* Release */,
			);
			defaultConfigurationIsVisible = 0;
			defaultConfigurationName = Release;
		};
		720B994621FEEBB7008A1A6D /* Build configuration list for PBXNativeTarget "TipCalc" */ = {
			isa = XCConfigurationList;
			buildConfigurations = (
				720B994721FEEBB7008A1A6D /* Debug */,
				720B994821FEEBB7008A1A6D /* Release */,
			);
			defaultConfigurationIsVisible = 0;
			defaultConfigurationName = Release;
		};
		720B994921FEEBB7008A1A6D /* Build configuration list for PBXNativeTarget "TipCalcTests" */ = {
			isa = XCConfigurationList;
			buildConfigurations = (
				720B994A21FEEBB7008A1A6D /* Debug */,
				720B994B21FEEBB7008A1A6D /* Release */,
			);
			defaultConfigurationIsVisible = 0;
			defaultConfigurationName = Release;
		};
		720B994C21FEEBB7008A1A6D /* Build configuration list for PBXNativeTarget "TipCalcUITests" */ = {
			isa = XCConfigurationList;
			buildConfigurations = (
				720B994D21FEEBB7008A1A6D /* Debug */,
				720B994E21FEEBB7008A1A6D /* Release */,
			);
			defaultConfigurationIsVisible = 0;
			defaultConfigurationName = Release;
		};
/* End XCConfigurationList section */
	};
	rootObject = 720B991621FEEBA8008A1A6D /* Project object */;
}
